
Microsoft Visual Studio Solution File, Format Version 12.00
# Visual Studio Version 17
VisualStudioVersion = 17.0.31903.59
MinimumVisualStudioVersion = 10.0.40219.1
Project("{FAE04EC0-301F-11D3-BF4B-00C04F79EFBC}") = "KureaKurusu.Web", "KureaKurusu.Web\KureaKurusu.Web.csproj", "{F8C9D608-29A9-4A95-9928-445D1160D8F1}"
EndProject
Project("{FAE04EC0-301F-11D3-BF4B-00C04F79EFBC}") = "KureaKurusu.Data", "KureaKurusu.Data\KureaKurusu.Data.csproj", "{D08FFDBA-E26B-45EA-B41B-3259CB441832}"
EndProject
Project("{FAE04EC0-301F-11D3-BF4B-00C04F79EFBC}") = "KureaKurusu.Contrib", "KureaKurusu.Contrib\KureaKurusu.Contrib.csproj", "{72FD7D84-4D0E-4090-BBF5-BBD54945B122}"
EndProject
Global
	GlobalSection(SolutionConfigurationPlatforms) = preSolution
		Debug|Any CPU = Debug|Any CPU
		Release|Any CPU = Release|Any CPU
	EndGlobalSection
	GlobalSection(SolutionProperties) = preSolution
		HideSolutionNode = FALSE
	EndGlobalSection
	GlobalSection(ProjectConfigurationPlatforms) = postSolution
		{F8C9D608-29A9-4A95-9928-445D1160D8F1}.Debug|Any CPU.ActiveCfg = Debug|Any CPU
		{F8C9D608-29A9-4A95-9928-445D1160D8F1}.Debug|Any CPU.Build.0 = Debug|Any CPU
		{F8C9D608-29A9-4A95-9928-445D1160D8F1}.Release|Any CPU.ActiveCfg = Release|Any CPU
		{F8C9D608-29A9-4A95-9928-445D1160D8F1}.Release|Any CPU.Build.0 = Release|Any CPU
		{D08FFDBA-E26B-45EA-B41B-3259CB441832}.Debug|Any CPU.ActiveCfg = Debug|Any CPU
		{D08FFDBA-E26B-45EA-B41B-3259CB441832}.Debug|Any CPU.Build.0 = Debug|Any CPU
		{D08FFDBA-E26B-45EA-B41B-3259CB441832}.Release|Any CPU.ActiveCfg = Release|Any CPU
		{D08FFDBA-E26B-45EA-B41B-3259CB441832}.Release|Any CPU.Build.0 = Release|Any CPU
		{72FD7D84-4D0E-4090-BBF5-BBD54945B122}.Debug|Any CPU.ActiveCfg = Debug|Any CPU
		{72FD7D84-4D0E-4090-BBF5-BBD54945B122}.Debug|Any CPU.Build.0 = Debug|Any CPU
		{72FD7D84-4D0E-4090-BBF5-BBD54945B122}.Release|Any CPU.ActiveCfg = Release|Any CPU
		{72FD7D84-4D0E-4090-BBF5-BBD54945B122}.Release|Any CPU.Build.0 = Release|Any CPU
	EndGlobalSection
EndGlobal
